// !$*UTF8*$!
{
	archiveVersion = 1;
	classes = {
	};
	objectVersion = 51;
	objects = {

/* Begin PBXBuildFile section */
		8236058D70E41DE0EEF0A98C /* Pods_Todo.framework in Frameworks */ = {isa = PBXBuildFile; fileRef = 11EBD39FDD507F45F68069BB /* Pods_Todo.framework */; };
		8D1C4E3625D931DD00CA8340 /* CategoryViewController.swift in Sources */ = {isa = PBXBuildFile; fileRef = 8D1C4E3525D931DD00CA8340 /* CategoryViewController.swift */; };
		8D840E3025C3E4CA00C7E043 /* AppDelegate.swift in Sources */ = {isa = PBXBuildFile; fileRef = 8D840E2F25C3E4CA00C7E043 /* AppDelegate.swift */; };
		8D840E3225C3E4CA00C7E043 /* SceneDelegate.swift in Sources */ = {isa = PBXBuildFile; fileRef = 8D840E3125C3E4CA00C7E043 /* SceneDelegate.swift */; };
		8D840E3425C3E4CA00C7E043 /* TodoListViewController.swift in Sources */ = {isa = PBXBuildFile; fileRef = 8D840E3325C3E4CA00C7E043 /* TodoListViewController.swift */; };
		8D840E3725C3E4CA00C7E043 /* Main.storyboard in Resources */ = {isa = PBXBuildFile; fileRef = 8D840E3525C3E4CA00C7E043 /* Main.storyboard */; };
		8D840E3925C3E4CB00C7E043 /* Assets.xcassets in Resources */ = {isa = PBXBuildFile; fileRef = 8D840E3825C3E4CB00C7E043 /* Assets.xcassets */; };
		8D840E3C25C3E4CB00C7E043 /* LaunchScreen.storyboard in Resources */ = {isa = PBXBuildFile; fileRef = 8D840E3A25C3E4CB00C7E043 /* LaunchScreen.storyboard */; };
		8DBA123625DBD0BF004767CA /* Item.swift in Sources */ = {isa = PBXBuildFile; fileRef = 8DBA123525DBD0BF004767CA /* Item.swift */; };
		8DBA123925DBD0C5004767CA /* Category.swift in Sources */ = {isa = PBXBuildFile; fileRef = 8DBA123825DBD0C5004767CA /* Category.swift */; };
		8DBA124525E4EAAA004767CA /* SwipeTableViewController.swift in Sources */ = {isa = PBXBuildFile; fileRef = 8DBA124425E4EAAA004767CA /* SwipeTableViewController.swift */; };
/* End PBXBuildFile section */

/* Begin PBXFileReference section */
		11EBD39FDD507F45F68069BB /* Pods_Todo.framework */ = {isa = PBXFileReference; explicitFileType = wrapper.framework; includeInIndex = 0; path = Pods_Todo.framework; sourceTree = BUILT_PRODUCTS_DIR; };
		763BCD2F296F3F48C840634F /* Pods-Todo.release.xcconfig */ = {isa = PBXFileReference; includeInIndex = 1; lastKnownFileType = text.xcconfig; name = "Pods-Todo.release.xcconfig"; path = "Target Support Files/Pods-Todo/Pods-Todo.release.xcconfig"; sourceTree = "<group>"; };
		8D1C4E3525D931DD00CA8340 /* CategoryViewController.swift */ = {isa = PBXFileReference; lastKnownFileType = sourcecode.swift; path = CategoryViewController.swift; sourceTree = "<group>"; };
		8D840E2C25C3E4CA00C7E043 /* Todo.app */ = {isa = PBXFileReference; explicitFileType = wrapper.application; includeInIndex = 0; path = Todo.app; sourceTree = BUILT_PRODUCTS_DIR; };
		8D840E2F25C3E4CA00C7E043 /* AppDelegate.swift */ = {isa = PBXFileReference; lastKnownFileType = sourcecode.swift; path = AppDelegate.swift; sourceTree = "<group>"; };
		8D840E3125C3E4CA00C7E043 /* SceneDelegate.swift */ = {isa = PBXFileReference; lastKnownFileType = sourcecode.swift; path = SceneDelegate.swift; sourceTree = "<group>"; };
		8D840E3325C3E4CA00C7E043 /* TodoListViewController.swift */ = {isa = PBXFileReference; lastKnownFileType = sourcecode.swift; path = TodoListViewController.swift; sourceTree = "<group>"; };
		8D840E3625C3E4CA00C7E043 /* Base */ = {isa = PBXFileReference; lastKnownFileType = file.storyboard; name = Base; path = Base.lproj/Main.storyboard; sourceTree = "<group>"; };
		8D840E3825C3E4CB00C7E043 /* Assets.xcassets */ = {isa = PBXFileReference; lastKnownFileType = folder.assetcatalog; path = Assets.xcassets; sourceTree = "<group>"; };
		8D840E3B25C3E4CB00C7E043 /* Base */ = {isa = PBXFileReference; lastKnownFileType = file.storyboard; name = Base; path = Base.lproj/LaunchScreen.storyboard; sourceTree = "<group>"; };
		8D840E3D25C3E4CB00C7E043 /* Info.plist */ = {isa = PBXFileReference; lastKnownFileType = text.plist.xml; path = Info.plist; sourceTree = "<group>"; };
		8DBA123525DBD0BF004767CA /* Item.swift */ = {isa = PBXFileReference; lastKnownFileType = sourcecode.swift; path = Item.swift; sourceTree = "<group>"; };
		8DBA123825DBD0C5004767CA /* Category.swift */ = {isa = PBXFileReference; lastKnownFileType = sourcecode.swift; path = Category.swift; sourceTree = "<group>"; };
		8DBA124425E4EAAA004767CA /* SwipeTableViewController.swift */ = {isa = PBXFileReference; lastKnownFileType = sourcecode.swift; path = SwipeTableViewController.swift; sourceTree = "<group>"; };
		A947A90478D3443CE94CCB85 /* Pods-Todo.debug.xcconfig */ = {isa = PBXFileReference; includeInIndex = 1; lastKnownFileType = text.xcconfig; name = "Pods-Todo.debug.xcconfig"; path = "Target Support Files/Pods-Todo/Pods-Todo.debug.xcconfig"; sourceTree = "<group>"; };
/* End PBXFileReference section */

/* Begin PBXFrameworksBuildPhase section */
		8D840E2925C3E4CA00C7E043 /* Frameworks */ = {
			isa = PBXFrameworksBuildPhase;
			buildActionMask = 2147483647;
			files = (
				8236058D70E41DE0EEF0A98C /* Pods_Todo.framework in Frameworks */,
			);
			runOnlyForDeploymentPostprocessing = 0;
		};
/* End PBXFrameworksBuildPhase section */

/* Begin PBXGroup section */
		8D840E2325C3E4CA00C7E043 = {
			isa = PBXGroup;
			children = (
				8D840E2E25C3E4CA00C7E043 /* Todo */,
				8D840E2D25C3E4CA00C7E043 /* Products */,
				FD69259A98D041B4168E84B2 /* Pods */,
				FFCA6C91B7BEE82871EA1588 /* Frameworks */,
			);
			sourceTree = "<group>";
		};
		8D840E2D25C3E4CA00C7E043 /* Products */ = {
			isa = PBXGroup;
			children = (
				8D840E2C25C3E4CA00C7E043 /* Todo.app */,
			);
			name = Products;
			sourceTree = "<group>";
		};
		8D840E2E25C3E4CA00C7E043 /* Todo */ = {
			isa = PBXGroup;
			children = (
				8D840E2F25C3E4CA00C7E043 /* AppDelegate.swift */,
				8D840E3125C3E4CA00C7E043 /* SceneDelegate.swift */,
				8D840E4525C4157E00C7E043 /* Model */,
				8D840E4B25C4160B00C7E043 /* Views */,
				8D840E4A25C415FA00C7E043 /* Controllers */,
				8D840E3825C3E4CB00C7E043 /* Assets.xcassets */,
				8D840E3A25C3E4CB00C7E043 /* LaunchScreen.storyboard */,
				8D840E3D25C3E4CB00C7E043 /* Info.plist */,
			);
			path = Todo;
			sourceTree = "<group>";
		};
		8D840E4525C4157E00C7E043 /* Model */ = {
			isa = PBXGroup;
			children = (
				8DBA123825DBD0C5004767CA /* Category.swift */,
				8DBA123525DBD0BF004767CA /* Item.swift */,
			);
			path = Model;
			sourceTree = "<group>";
		};
		8D840E4A25C415FA00C7E043 /* Controllers */ = {
			isa = PBXGroup;
			children = (
				8D1C4E3525D931DD00CA8340 /* CategoryViewController.swift */,
				8D840E3325C3E4CA00C7E043 /* TodoListViewController.swift */,
				8DBA124425E4EAAA004767CA /* SwipeTableViewController.swift */,
			);
			path = Controllers;
			sourceTree = "<group>";
		};
		8D840E4B25C4160B00C7E043 /* Views */ = {
			isa = PBXGroup;
			children = (
				8D840E3525C3E4CA00C7E043 /* Main.storyboard */,
			);
			path = Views;
			sourceTree = "<group>";
		};
		FD69259A98D041B4168E84B2 /* Pods */ = {
			isa = PBXGroup;
			children = (
				A947A90478D3443CE94CCB85 /* Pods-Todo.debug.xcconfig */,
				763BCD2F296F3F48C840634F /* Pods-Todo.release.xcconfig */,
			);
			path = Pods;
			sourceTree = "<group>";
		};
		FFCA6C91B7BEE82871EA1588 /* Frameworks */ = {
			isa = PBXGroup;
			children = (
				11EBD39FDD507F45F68069BB /* Pods_Todo.framework */,
			);
			name = Frameworks;
			sourceTree = "<group>";
		};
/* End PBXGroup section */

/* Begin PBXNativeTarget section */
		8D840E2B25C3E4CA00C7E043 /* Todo */ = {
			isa = PBXNativeTarget;
			buildConfigurationList = 8D840E4025C3E4CB00C7E043 /* Build configuration list for PBXNativeTarget "Todo" */;
			buildPhases = (
				239EED06487F32045F2EAF2F /* [CP] Check Pods Manifest.lock */,
				8D840E2825C3E4CA00C7E043 /* Sources */,
				8D840E2925C3E4CA00C7E043 /* Frameworks */,
				8D840E2A25C3E4CA00C7E043 /* Resources */,
				7D32835491B1E58F08220688 /* [CP] Embed Pods Frameworks */,
			);
			buildRules = (
			);
			dependencies = (
			);
			name = Todo;
			productName = Todo;
			productReference = 8D840E2C25C3E4CA00C7E043 /* Todo.app */;
			productType = "com.apple.product-type.application";
		};
/* End PBXNativeTarget section */

/* Begin PBXProject section */
		8D840E2425C3E4CA00C7E043 /* Project object */ = {
			isa = PBXProject;
			attributes = {
				LastSwiftUpdateCheck = 1210;
				LastUpgradeCheck = 1210;
				TargetAttributes = {
					8D840E2B25C3E4CA00C7E043 = {
						CreatedOnToolsVersion = 12.1;
					};
				};
			};
			buildConfigurationList = 8D840E2725C3E4CA00C7E043 /* Build configuration list for PBXProject "Todo" */;
			compatibilityVersion = "Xcode 9.3";
			developmentRegion = en;
			hasScannedForEncodings = 0;
			knownRegions = (
				en,
				Base,
			);
			mainGroup = 8D840E2325C3E4CA00C7E043;
			productRefGroup = 8D840E2D25C3E4CA00C7E043 /* Products */;
			projectDirPath = "";
			projectRoot = "";
			targets = (
				8D840E2B25C3E4CA00C7E043 /* Todo */,
			);
		};
/* End PBXProject section */

/* Begin PBXResourcesBuildPhase section */
		8D840E2A25C3E4CA00C7E043 /* Resources */ = {
			isa = PBXResourcesBuildPhase;
			buildActionMask = 2147483647;
			files = (
				8D840E3C25C3E4CB00C7E043 /* LaunchScreen.storyboard in Resources */,
				8D840E3925C3E4CB00C7E043 /* Assets.xcassets in Resources */,
				8D840E3725C3E4CA00C7E043 /* Main.storyboard in Resources */,
			);
			runOnlyForDeploymentPostprocessing = 0;
		};
/* End PBXResourcesBuildPhase section */

/* Begin PBXShellScriptBuildPhase section */
		239EED06487F32045F2EAF2F /* [CP] Check Pods Manifest.lock */ = {
			isa = PBXShellScriptBuildPhase;
			buildActionMask = 2147483647;
			files = (
			);
			inputFileListPaths = (
			);
			inputPaths = (
				"${PODS_PODFILE_DIR_PATH}/Podfile.lock",
				"${PODS_ROOT}/Manifest.lock",
			);
			name = "[CP] Check Pods Manifest.lock";
			outputFileListPaths = (
			);
			outputPaths = (
				"$(DERIVED_FILE_DIR)/Pods-Todo-checkManifestLockResult.txt",
			);
			runOnlyForDeploymentPostprocessing = 0;
			shellPath = /bin/sh;
			shellScript = "diff \"${PODS_PODFILE_DIR_PATH}/Podfile.lock\" \"${PODS_ROOT}/Manifest.lock\" > /dev/null\nif [ $? != 0 ] ; then\n    # print error to STDERR\n    echo \"error: The sandbox is not in sync with the Podfile.lock. Run 'pod install' or update your CocoaPods installation.\" >&2\n    exit 1\nfi\n# This output is used by Xcode 'outputs' to avoid re-running this script phase.\necho \"SUCCESS\" > \"${SCRIPT_OUTPUT_FILE_0}\"\n";
			showEnvVarsInLog = 0;
		};
		7D32835491B1E58F08220688 /* [CP] Embed Pods Frameworks */ = {
			isa = PBXShellScriptBuildPhase;
			buildActionMask = 2147483647;
			files = (
			);
			inputFileListPaths = (
				"${PODS_ROOT}/Target Support Files/Pods-Todo/Pods-Todo-frameworks-${CONFIGURATION}-input-files.xcfilelist",
			);
			name = "[CP] Embed Pods Frameworks";
			outputFileListPaths = (
				"${PODS_ROOT}/Target Support Files/Pods-Todo/Pods-Todo-frameworks-${CONFIGURATION}-output-files.xcfilelist",
			);
			runOnlyForDeploymentPostprocessing = 0;
			shellPath = /bin/sh;
			shellScript = "\"${PODS_ROOT}/Target Support Files/Pods-Todo/Pods-Todo-frameworks.sh\"\n";
			showEnvVarsInLog = 0;
		};
/* End PBXShellScriptBuildPhase section */

/* Begin PBXSourcesBuildPhase section */
		8D840E2825C3E4CA00C7E043 /* Sources */ = {
			isa = PBXSourcesBuildPhase;
			buildActionMask = 2147483647;
			files = (
				8DBA123925DBD0C5004767CA /* Category.swift in Sources */,
				8D1C4E3625D931DD00CA8340 /* CategoryViewController.swift in Sources */,
				8D840E3425C3E4CA00C7E043 /* TodoListViewController.swift in Sources */,
				8DBA124525E4EAAA004767CA /* SwipeTableViewController.swift in Sources */,
				8D840E3025C3E4CA00C7E043 /* AppDelegate.swift in Sources */,
				8DBA123625DBD0BF004767CA /* Item.swift in Sources */,
				8D840E3225C3E4CA00C7E043 /* SceneDelegate.swift in Sources */,
			);
			runOnlyForDeploymentPostprocessing = 0;
		};
/* End PBXSourcesBuildPhase section */

/* Begin PBXVariantGroup section */
		8D840E3525C3E4CA00C7E043 /* Main.storyboard */ = {
			isa = PBXVariantGroup;
			children = (
				8D840E3625C3E4CA00C7E043 /* Base */,
			);
			name = Main.storyboard;
			sourceTree = "<group>";
		};
		8D840E3A25C3E4CB00C7E043 /* LaunchScreen.storyboard */ = {
			isa = PBXVariantGroup;
			children = (
				8D840E3B25C3E4CB00C7E043 /* Base */,
			);
			name = LaunchScreen.storyboard;
			sourceTree = "<group>";
		};
/* End PBXVariantGroup section */

/* Begin XCBuildConfiguration section */
		8D840E3E25C3E4CB00C7E043 /* Debug */ = {
			isa = XCBuildConfiguration;
			buildSettings = {
				ALWAYS_SEARCH_USER_PATHS = NO;
				CLANG_ANALYZER_NONNULL = YES;
				CLANG_ANALYZER_NUMBER_OBJECT_CONVERSION = YES_AGGRESSIVE;
				CLANG_CXX_LANGUAGE_STANDARD = "gnu++14";
				CLANG_CXX_LIBRARY = "libc++";
				CLANG_ENABLE_MODULES = YES;
				CLANG_ENABLE_OBJC_ARC = YES;
				CLANG_ENABLE_OBJC_WEAK = YES;
				CLANG_WARN_BLOCK_CAPTURE_AUTORELEASING = YES;
				CLANG_WARN_BOOL_CONVERSION = YES;
				CLANG_WARN_COMMA = YES;
				CLANG_WARN_CONSTANT_CONVERSION = YES;
				CLANG_WARN_DEPRECATED_OBJC_IMPLEMENTATIONS = YES;
				CLANG_WARN_DIRECT_OBJC_ISA_USAGE = YES_ERROR;
				CLANG_WARN_DOCUMENTATION_COMMENTS = YES;
				CLANG_WARN_EMPTY_BODY = YES;
				CLANG_WARN_ENUM_CONVERSION = YES;
				CLANG_WARN_INFINITE_RECURSION = YES;
				CLANG_WARN_INT_CONVERSION = YES;
				CLANG_WARN_NON_LITERAL_NULL_CONVERSION = YES;
				CLANG_WARN_OBJC_IMPLICIT_RETAIN_SELF = YES;
				CLANG_WARN_OBJC_LITERAL_CONVERSION = YES;
				CLANG_WARN_OBJC_ROOT_CLASS = YES_ERROR;
				CLANG_WARN_QUOTED_INCLUDE_IN_FRAMEWORK_HEADER = YES;
				CLANG_WARN_RANGE_LOOP_ANALYSIS = YES;
				CLANG_WARN_STRICT_PROTOTYPES = YES;
				CLANG_WARN_SUSPICIOUS_MOVE = YES;
				CLANG_WARN_UNGUARDED_AVAILABILITY = YES_AGGRESSIVE;
				CLANG_WARN_UNREACHABLE_CODE = YES;
				CLANG_WARN__DUPLICATE_METHOD_MATCH = YES;
				COPY_PHASE_STRIP = NO;
				DEBUG_INFORMATION_FORMAT = dwarf;
				ENABLE_STRICT_OBJC_MSGSEND = YES;
				ENABLE_TESTABILITY = YES;
				GCC_C_LANGUAGE_STANDARD = gnu11;
				GCC_DYNAMIC_NO_PIC = NO;
				GCC_NO_COMMON_BLOCKS = YES;
				GCC_OPTIMIZATION_LEVEL = 0;
				GCC_PREPROCESSOR_DEFINITIONS = (
					"DEBUG=1",
					"$(inherited)",
				);
				GCC_WARN_64_TO_32_BIT_CONVERSION = YES;
				GCC_WARN_ABOUT_RETURN_TYPE = YES_ERROR;
				GCC_WARN_UNDECLARED_SELECTOR = YES;
				GCC_WARN_UNINITIALIZED_AUTOS = YES_AGGRESSIVE;
				GCC_WARN_UNUSED_FUNCTION = YES;
				GCC_WARN_UNUSED_VARIABLE = YES;
				IPHONEOS_DEPLOYMENT_TARGET = 14.1;
				MTL_ENABLE_DEBUG_INFO = INCLUDE_SOURCE;
				MTL_FAST_MATH = YES;
				ONLY_ACTIVE_ARCH = YES;
				SDKROOT = iphoneos;
				SWIFT_ACTIVE_COMPILATION_CONDITIONS = DEBUG;
				SWIFT_OPTIMIZATION_LEVEL = "-Onone";
			};
			name = Debug;
		};
		8D840E3F25C3E4CB00C7E043 /* Release */ = {
			isa = XCBuildConfiguration;
			buildSettings = {
				ALWAYS_SEARCH_USER_PATHS = NO;
				CLANG_ANALYZER_NONNULL = YES;
				CLANG_ANALYZER_NUMBER_OBJECT_CONVERSION = YES_AGGRESSIVE;
				CLANG_CXX_LANGUAGE_STANDARD = "gnu++14";
				CLANG_CXX_LIBRARY = "libc++";
				CLANG_ENABLE_MODULES = YES;
				CLANG_ENABLE_OBJC_ARC = YES;
				CLANG_ENABLE_OBJC_WEAK = YES;
				CLANG_WARN_BLOCK_CAPTURE_AUTORELEASING = YES;
				CLANG_WARN_BOOL_CONVERSION = YES;
				CLANG_WARN_COMMA = YES;
				CLANG_WARN_CONSTANT_CONVERSION = YES;
				CLANG_WARN_DEPRECATED_OBJC_IMPLEMENTATIONS = YES;
				CLANG_WARN_DIRECT_OBJC_ISA_USAGE = YES_ERROR;
				CLANG_WARN_DOCUMENTATION_COMMENTS = YES;
				CLANG_WARN_EMPTY_BODY = YES;
				CLANG_WARN_ENUM_CONVERSION = YES;
				CLANG_WARN_INFINITE_RECURSION = YES;
				CLANG_WARN_INT_CONVERSION = YES;
				CLANG_WARN_NON_LITERAL_NULL_CONVERSION = YES;
				CLANG_WARN_OBJC_IMPLICIT_RETAIN_SELF = YES;
				CLANG_WARN_OBJC_LITERAL_CONVERSION = YES;
				CLANG_WARN_OBJC_ROOT_CLASS = YES_ERROR;
				CLANG_WARN_QUOTED_INCLUDE_IN_FRAMEWORK_HEADER = YES;
				CLANG_WARN_RANGE_LOOP_ANALYSIS = YES;
				CLANG_WARN_STRICT_PROTOTYPES = YES;
				CLANG_WARN_SUSPICIOUS_MOVE = YES;
				CLANG_WARN_UNGUARDED_AVAILABILITY = YES_AGGRESSIVE;
				CLANG_WARN_UNREACHABLE_CODE = YES;
				CLANG_WARN__DUPLICATE_METHOD_MATCH = YES;
				COPY_PHASE_STRIP = NO;
				DEBUG_INFORMATION_FORMAT = "dwarf-with-dsym";
				ENABLE_NS_ASSERTIONS = NO;
				ENABLE_STRICT_OBJC_MSGSEND = YES;
				GCC_C_LANGUAGE_STANDARD = gnu11;
				GCC_NO_COMMON_BLOCKS = YES;
				GCC_WARN_64_TO_32_BIT_CONVERSION = YES;
				GCC_WARN_ABOUT_RETURN_TYPE = YES_ERROR;
				GCC_WARN_UNDECLARED_SELECTOR = YES;
				GCC_WARN_UNINITIALIZED_AUTOS = YES_AGGRESSIVE;
				GCC_WARN_UNUSED_FUNCTION = YES;
				GCC_WARN_UNUSED_VARIABLE = YES;
				IPHONEOS_DEPLOYMENT_TARGET = 14.1;
				MTL_ENABLE_DEBUG_INFO = NO;
				MTL_FAST_MATH = YES;
				SDKROOT = iphoneos;
				SWIFT_COMPILATION_MODE = wholemodule;
				SWIFT_OPTIMIZATION_LEVEL = "-O";
				VALIDATE_PRODUCT = YES;
			};
			name = Release;
		};
		8D840E4125C3E4CB00C7E043 /* Debug */ = {
			isa = XCBuildConfiguration;
			baseConfigurationReference = A947A90478D3443CE94CCB85 /* Pods-Todo.debug.xcconfig */;
			buildSettings = {
				ASSETCATALOG_COMPILER_APPICON_NAME = AppIcon;
				ASSETCATALOG_COMPILER_GLOBAL_ACCENT_COLOR_NAME = AccentColor;
				CODE_SIGN_STYLE = Automatic;
				DEVELOPMENT_TEAM = PNJN7FTBY9;
				INFOPLIST_FILE = Todo/Info.plist;
				LD_RUNPATH_SEARCH_PATHS = (
					"$(inherited)",
					"@executable_path/Frameworks",
				);
				PRODUCT_BUNDLE_IDENTIFIER = "Jenny-Woorim-Lee.Todo";
				PRODUCT_NAME = "$(TARGET_NAME)";
				SWIFT_VERSION = 5.0;
				TARGETED_DEVICE_FAMILY = "1,2";
			};
			name = Debug;
		};
		8D840E4225C3E4CB00C7E043 /* Release */ = {
			isa = XCBuildConfiguration;
			baseConfigurationReference = 763BCD2F296F3F48C840634F /* Pods-Todo.release.xcconfig */;
			buildSettings = {
				ASSETCATALOG_COMPILER_APPICON_NAME = AppIcon;
				ASSETCATALOG_COMPILER_GLOBAL_ACCENT_COLOR_NAME = AccentColor;
				CODE_SIGN_STYLE = Automatic;
				DEVELOPMENT_TEAM = PNJN7FTBY9;
				INFOPLIST_FILE = Todo/Info.plist;
				LD_RUNPATH_SEARCH_PATHS = (
					"$(inherited)",
					"@executable_path/Frameworks",
				);
				PRODUCT_BUNDLE_IDENTIFIER = "Jenny-Woorim-Lee.Todo";
				PRODUCT_NAME = "$(TARGET_NAME)";
				SWIFT_VERSION = 5.0;
				TARGETED_DEVICE_FAMILY = "1,2";
			};
			name = Release;
		};
/* End XCBuildConfiguration section */

/* Begin XCConfigurationList section */
		8D840E2725C3E4CA00C7E043 /* Build configuration list for PBXProject "Todo" */ = {
			isa = XCConfigurationList;
			buildConfigurations = (
				8D840E3E25C3E4CB00C7E043 /* Debug */,
				8D840E3F25C3E4CB00C7E043 /* Release */,
			);
			defaultConfigurationIsVisible = 0;
			defaultConfigurationName = Release;
		};
		8D840E4025C3E4CB00C7E043 /* Build configuration list for PBXNativeTarget "Todo" */ = {
			isa = XCConfigurationList;
			buildConfigurations = (
				8D840E4125C3E4CB00C7E043 /* Debug */,
				8D840E4225C3E4CB00C7E043 /* Release */,
			);
			defaultConfigurationIsVisible = 0;
			defaultConfigurationName = Release;
		};
/* End XCConfigurationList section */
	};
	rootObject = 8D840E2425C3E4CA00C7E043 /* Project object */;
}
